
Microsoft Visual Studio Solution File, Format Version 12.00
# Visual Studio Version 16
VisualStudioVersion = 16.0.30611.23
MinimumVisualStudioVersion = 10.0.40219.1
Project("{9A19103F-16F7-4668-BE54-9A1E7A4F7556}") = "UrlShortener.DataLayer", "UrlShortener.DataLayer\UrlShortener.DataLayer.csproj", "{BDFDCD19-938E-49FE-88D2-9007EAFBD799}"
EndProject
Project("{9A19103F-16F7-4668-BE54-9A1E7A4F7556}") = "UrlShortener.Web", "UrlShortener.Web\UrlShortener.Web.csproj", "{7CB67B06-9989-41F7-B94B-170711857F9C}"
EndProject
Project("{9A19103F-16F7-4668-BE54-9A1E7A4F7556}") = "UrlShortener.Domain", "UrlShortener.Domain\UrlShortener.Domain.csproj", "{54BA72F8-2CCA-4DD7-BF17-ADD541ED6EE6}"
EndProject
Project("{FAE04EC0-301F-11D3-BF4B-00C04F79EFBC}") = "UrlShortener.Framwork", "UrlShortener.Framwork\UrlShortener.Framwork.csproj", "{7FDD2E87-7DEB-4189-A400-AA0C4A542E02}"
EndProject
Project("{FAE04EC0-301F-11D3-BF4B-00C04F79EFBC}") = "UrlShortener.ApplicationServices", "UrlShortener.ApplicationServices\UrlShortener.ApplicationServices.csproj", "{B7E09EAC-B6EA-4509-BFBE-D6711E08A3E7}"
EndProject
Global
	GlobalSection(SolutionConfigurationPlatforms) = preSolution
		Debug|Any CPU = Debug|Any CPU
		Release|Any CPU = Release|Any CPU
	EndGlobalSection
	GlobalSection(ProjectConfigurationPlatforms) = postSolution
		{BDFDCD19-938E-49FE-88D2-9007EAFBD799}.Debug|Any CPU.ActiveCfg = Debug|Any CPU
		{BDFDCD19-938E-49FE-88D2-9007EAFBD799}.Debug|Any CPU.Build.0 = Debug|Any CPU
		{BDFDCD19-938E-49FE-88D2-9007EAFBD799}.Release|Any CPU.ActiveCfg = Release|Any CPU
		{BDFDCD19-938E-49FE-88D2-9007EAFBD799}.Release|Any CPU.Build.0 = Release|Any CPU
		{7CB67B06-9989-41F7-B94B-170711857F9C}.Debug|Any CPU.ActiveCfg = Debug|Any CPU
		{7CB67B06-9989-41F7-B94B-170711857F9C}.Debug|Any CPU.Build.0 = Debug|Any CPU
		{7CB67B06-9989-41F7-B94B-170711857F9C}.Release|Any CPU.ActiveCfg = Release|Any CPU
		{7CB67B06-9989-41F7-B94B-170711857F9C}.Release|Any CPU.Build.0 = Release|Any CPU
		{54BA72F8-2CCA-4DD7-BF17-ADD541ED6EE6}.Debug|Any CPU.ActiveCfg = Debug|Any CPU
		{54BA72F8-2CCA-4DD7-BF17-ADD541ED6EE6}.Debug|Any CPU.Build.0 = Debug|Any CPU
		{54BA72F8-2CCA-4DD7-BF17-ADD541ED6EE6}.Release|Any CPU.ActiveCfg = Release|Any CPU
		{54BA72F8-2CCA-4DD7-BF17-ADD541ED6EE6}.Release|Any CPU.Build.0 = Release|Any CPU
		{7FDD2E87-7DEB-4189-A400-AA0C4A542E02}.Debug|Any CPU.ActiveCfg = Debug|Any CPU
		{7FDD2E87-7DEB-4189-A400-AA0C4A542E02}.Debug|Any CPU.Build.0 = Debug|Any CPU
		{7FDD2E87-7DEB-4189-A400-AA0C4A542E02}.Release|Any CPU.ActiveCfg = Release|Any CPU
		{7FDD2E87-7DEB-4189-A400-AA0C4A542E02}.Release|Any CPU.Build.0 = Release|Any CPU
		{B7E09EAC-B6EA-4509-BFBE-D6711E08A3E7}.Debug|Any CPU.ActiveCfg = Debug|Any CPU
		{B7E09EAC-B6EA-4509-BFBE-D6711E08A3E7}.Debug|Any CPU.Build.0 = Debug|Any CPU
		{B7E09EAC-B6EA-4509-BFBE-D6711E08A3E7}.Release|Any CPU.ActiveCfg = Release|Any CPU
		{B7E09EAC-B6EA-4509-BFBE-D6711E08A3E7}.Release|Any CPU.Build.0 = Release|Any CPU
	EndGlobalSection
	GlobalSection(SolutionProperties) = preSolution
		HideSolutionNode = FALSE
	EndGlobalSection
	GlobalSection(ExtensibilityGlobals) = postSolution
		SolutionGuid = {FA52AC13-E5D0-4079-8289-C375FC000EE7}
	EndGlobalSection
EndGlobal
